// !$*UTF8*$!
{
	archiveVersion = 1;
	classes = {
	};
	objectVersion = 50;
	objects = {

/* Begin PBXBuildFile section */
		F49ADC532626BCC200FFFCBD /* Tests_iOS.swift in Sources */ = {isa = PBXBuildFile; fileRef = F49ADC522626BCC200FFFCBD /* Tests_iOS.swift */; };
		F49ADC5E2626BCC200FFFCBD /* Tests_macOS.swift in Sources */ = {isa = PBXBuildFile; fileRef = F49ADC5D2626BCC200FFFCBD /* Tests_macOS.swift */; };
		F49ADC602626BCC200FFFCBD /* HelloApp.swift in Sources */ = {isa = PBXBuildFile; fileRef = F49ADC372626BCBB00FFFCBD /* HelloApp.swift */; };
		F49ADC612626BCC200FFFCBD /* HelloApp.swift in Sources */ = {isa = PBXBuildFile; fileRef = F49ADC372626BCBB00FFFCBD /* HelloApp.swift */; };
		F49ADC622626BCC200FFFCBD /* ContentView.swift in Sources */ = {isa = PBXBuildFile; fileRef = F49ADC382626BCBB00FFFCBD /* ContentView.swift */; };
		F49ADC632626BCC200FFFCBD /* ContentView.swift in Sources */ = {isa = PBXBuildFile; fileRef = F49ADC382626BCBB00FFFCBD /* ContentView.swift */; };
		F49ADC642626BCC200FFFCBD /* Assets.xcassets in Resources */ = {isa = PBXBuildFile; fileRef = F49ADC392626BCC100FFFCBD /* Assets.xcassets */; };
		F49ADC652626BCC200FFFCBD /* Assets.xcassets in Resources */ = {isa = PBXBuildFile; fileRef = F49ADC392626BCC100FFFCBD /* Assets.xcassets */; };
/* End PBXBuildFile section */

/* Begin PBXContainerItemProxy section */
		F49ADC4F2626BCC200FFFCBD /* PBXContainerItemProxy */ = {
			isa = PBXContainerItemProxy;
			containerPortal = F49ADC322626BCBA00FFFCBD /* Project object */;
			proxyType = 1;
			remoteGlobalIDString = F49ADC3D2626BCC200FFFCBD;
			remoteInfo = "Hello (iOS)";
		};
		F49ADC5A2626BCC200FFFCBD /* PBXContainerItemProxy */ = {
			isa = PBXContainerItemProxy;
			containerPortal = F49ADC322626BCBA00FFFCBD /* Project object */;
			proxyType = 1;
			remoteGlobalIDString = F49ADC452626BCC200FFFCBD;
			remoteInfo = "Hello (macOS)";
		};
/* End PBXContainerItemProxy section */

/* Begin PBXFileReference section */
		F49ADC372626BCBB00FFFCBD /* HelloApp.swift */ = {isa = PBXFileReference; lastKnownFileType = sourcecode.swift; path = HelloApp.swift; sourceTree = "<group>"; };
		F49ADC382626BCBB00FFFCBD /* ContentView.swift */ = {isa = PBXFileReference; lastKnownFileType = sourcecode.swift; path = ContentView.swift; sourceTree = "<group>"; };
		F49ADC392626BCC100FFFCBD /* Assets.xcassets */ = {isa = PBXFileReference; lastKnownFileType = folder.assetcatalog; path = Assets.xcassets; sourceTree = "<group>"; };
		F49ADC3E2626BCC200FFFCBD /* Hello.app */ = {isa = PBXFileReference; explicitFileType = wrapper.application; includeInIndex = 0; path = Hello.app; sourceTree = BUILT_PRODUCTS_DIR; };
		F49ADC412626BCC200FFFCBD /* Info.plist */ = {isa = PBXFileReference; lastKnownFileType = text.plist.xml; path = Info.plist; sourceTree = "<group>"; };
		F49ADC462626BCC200FFFCBD /* Hello.app */ = {isa = PBXFileReference; explicitFileType = wrapper.application; includeInIndex = 0; path = Hello.app; sourceTree = BUILT_PRODUCTS_DIR; };
		F49ADC482626BCC200FFFCBD /* Info.plist */ = {isa = PBXFileReference; lastKnownFileType = text.plist.xml; path = Info.plist; sourceTree = "<group>"; };
		F49ADC492626BCC200FFFCBD /* macOS.entitlements */ = {isa = PBXFileReference; lastKnownFileType = text.plist.entitlements; path = macOS.entitlements; sourceTree = "<group>"; };
		F49ADC4E2626BCC200FFFCBD /* Tests iOS.xctest */ = {isa = PBXFileReference; explicitFileType = wrapper.cfbundle; includeInIndex = 0; path = "Tests iOS.xctest"; sourceTree = BUILT_PRODUCTS_DIR; };
		F49ADC522626BCC200FFFCBD /* Tests_iOS.swift */ = {isa = PBXFileReference; lastKnownFileType = sourcecode.swift; path = Tests_iOS.swift; sourceTree = "<group>"; };
		F49ADC542626BCC200FFFCBD /* Info.plist */ = {isa = PBXFileReference; lastKnownFileType = text.plist.xml; path = Info.plist; sourceTree = "<group>"; };
		F49ADC592626BCC200FFFCBD /* Tests macOS.xctest */ = {isa = PBXFileReference; explicitFileType = wrapper.cfbundle; includeInIndex = 0; path = "Tests macOS.xctest"; sourceTree = BUILT_PRODUCTS_DIR; };
		F49ADC5D2626BCC200FFFCBD /* Tests_macOS.swift */ = {isa = PBXFileReference; lastKnownFileType = sourcecode.swift; path = Tests_macOS.swift; sourceTree = "<group>"; };
		F49ADC5F2626BCC200FFFCBD /* Info.plist */ = {isa = PBXFileReference; lastKnownFileType = text.plist.xml; path = Info.plist; sourceTree = "<group>"; };
/* End PBXFileReference section */

/* Begin PBXFrameworksBuildPhase section */
		F49ADC3B2626BCC200FFFCBD /* Frameworks */ = {
			isa = PBXFrameworksBuildPhase;
			buildActionMask = 2147483647;
			files = (
			);
			runOnlyForDeploymentPostprocessing = 0;
		};
		F49ADC432626BCC200FFFCBD /* Frameworks */ = {
			isa = PBXFrameworksBuildPhase;
			buildActionMask = 2147483647;
			files = (
			);
			runOnlyForDeploymentPostprocessing = 0;
		};
		F49ADC4B2626BCC200FFFCBD /* Frameworks */ = {
			isa = PBXFrameworksBuildPhase;
			buildActionMask = 2147483647;
			files = (
			);
			runOnlyForDeploymentPostprocessing = 0;
		};
		F49ADC562626BCC200FFFCBD /* Frameworks */ = {
			isa = PBXFrameworksBuildPhase;
			buildActionMask = 2147483647;
			files = (
			);
			runOnlyForDeploymentPostprocessing = 0;
		};
/* End PBXFrameworksBuildPhase section */

/* Begin PBXGroup section */
		F49ADC312626BCBA00FFFCBD = {
			isa = PBXGroup;
			children = (
				F49ADC362626BCBB00FFFCBD /* Shared */,
				F49ADC402626BCC200FFFCBD /* iOS */,
				F49ADC472626BCC200FFFCBD /* macOS */,
				F49ADC512626BCC200FFFCBD /* Tests iOS */,
				F49ADC5C2626BCC200FFFCBD /* Tests macOS */,
				F49ADC3F2626BCC200FFFCBD /* Products */,
			);
			sourceTree = "<group>";
		};
		F49ADC362626BCBB00FFFCBD /* Shared */ = {
			isa = PBXGroup;
			children = (
				F49ADC372626BCBB00FFFCBD /* HelloApp.swift */,
				F49ADC382626BCBB00FFFCBD /* ContentView.swift */,
				F49ADC392626BCC100FFFCBD /* Assets.xcassets */,
			);
			path = Shared;
			sourceTree = "<group>";
		};
		F49ADC3F2626BCC200FFFCBD /* Products */ = {
			isa = PBXGroup;
			children = (
				F49ADC3E2626BCC200FFFCBD /* Hello.app */,
				F49ADC462626BCC200FFFCBD /* Hello.app */,
				F49ADC4E2626BCC200FFFCBD /* Tests iOS.xctest */,
				F49ADC592626BCC200FFFCBD /* Tests macOS.xctest */,
			);
			name = Products;
			sourceTree = "<group>";
		};
		F49ADC402626BCC200FFFCBD /* iOS */ = {
			isa = PBXGroup;
			children = (
				F49ADC412626BCC200FFFCBD /* Info.plist */,
			);
			path = iOS;
			sourceTree = "<group>";
		};
		F49ADC472626BCC200FFFCBD /* macOS */ = {
			isa = PBXGroup;
			children = (
				F49ADC482626BCC200FFFCBD /* Info.plist */,
				F49ADC492626BCC200FFFCBD /* macOS.entitlements */,
			);
			path = macOS;
			sourceTree = "<group>";
		};
		F49ADC512626BCC200FFFCBD /* Tests iOS */ = {
			isa = PBXGroup;
			children = (
				F49ADC522626BCC200FFFCBD /* Tests_iOS.swift */,
				F49ADC542626BCC200FFFCBD /* Info.plist */,
			);
			path = "Tests iOS";
			sourceTree = "<group>";
		};
		F49ADC5C2626BCC200FFFCBD /* Tests macOS */ = {
			isa = PBXGroup;
			children = (
				F49ADC5D2626BCC200FFFCBD /* Tests_macOS.swift */,
				F49ADC5F2626BCC200FFFCBD /* Info.plist */,
			);
			path = "Tests macOS";
			sourceTree = "<group>";
		};
/* End PBXGroup section */

/* Begin PBXNativeTarget section */
		F49ADC3D2626BCC200FFFCBD /* Hello (iOS) */ = {
			isa = PBXNativeTarget;
			buildConfigurationList = F49ADC682626BCC200FFFCBD /* Build configuration list for PBXNativeTarget "Hello (iOS)" */;
			buildPhases = (
				F49ADC3A2626BCC200FFFCBD /* Sources */,
				F49ADC3B2626BCC200FFFCBD /* Frameworks */,
				F49ADC3C2626BCC200FFFCBD /* Resources */,
			);
			buildRules = (
			);
			dependencies = (
			);
			name = "Hello (iOS)";
			productName = "Hello (iOS)";
			productReference = F49ADC3E2626BCC200FFFCBD /* Hello.app */;
			productType = "com.apple.product-type.application";
		};
		F49ADC452626BCC200FFFCBD /* Hello (macOS) */ = {
			isa = PBXNativeTarget;
			buildConfigurationList = F49ADC6B2626BCC200FFFCBD /* Build configuration list for PBXNativeTarget "Hello (macOS)" */;
			buildPhases = (
				F49ADC422626BCC200FFFCBD /* Sources */,
				F49ADC432626BCC200FFFCBD /* Frameworks */,
				F49ADC442626BCC200FFFCBD /* Resources */,
			);
			buildRules = (
			);
			dependencies = (
			);
			name = "Hello (macOS)";
			productName = "Hello (macOS)";
			productReference = F49ADC462626BCC200FFFCBD /* Hello.app */;
			productType = "com.apple.product-type.application";
		};
		F49ADC4D2626BCC200FFFCBD /* Tests iOS */ = {
			isa = PBXNativeTarget;
			buildConfigurationList = F49ADC6E2626BCC200FFFCBD /* Build configuration list for PBXNativeTarget "Tests iOS" */;
			buildPhases = (
				F49ADC4A2626BCC200FFFCBD /* Sources */,
				F49ADC4B2626BCC200FFFCBD /* Frameworks */,
				F49ADC4C2626BCC200FFFCBD /* Resources */,
			);
			buildRules = (
			);
			dependencies = (
				F49ADC502626BCC200FFFCBD /* PBXTargetDependency */,
			);
			name = "Tests iOS";
			productName = "Tests iOS";
			productReference = F49ADC4E2626BCC200FFFCBD /* Tests iOS.xctest */;
			productType = "com.apple.product-type.bundle.ui-testing";
		};
		F49ADC582626BCC200FFFCBD /* Tests macOS */ = {
			isa = PBXNativeTarget;
			buildConfigurationList = F49ADC712626BCC200FFFCBD /* Build configuration list for PBXNativeTarget "Tests macOS" */;
			buildPhases = (
				F49ADC552626BCC200FFFCBD /* Sources */,
				F49ADC562626BCC200FFFCBD /* Frameworks */,
				F49ADC572626BCC200FFFCBD /* Resources */,
			);
			buildRules = (
			);
			dependencies = (
				F49ADC5B2626BCC200FFFCBD /* PBXTargetDependency */,
			);
			name = "Tests macOS";
			productName = "Tests macOS";
			productReference = F49ADC592626BCC200FFFCBD /* Tests macOS.xctest */;
			productType = "com.apple.product-type.bundle.ui-testing";
		};
/* End PBXNativeTarget section */

/* Begin PBXProject section */
		F49ADC322626BCBA00FFFCBD /* Project object */ = {
			isa = PBXProject;
			attributes = {
				LastSwiftUpdateCheck = 1240;
				LastUpgradeCheck = 1240;
				TargetAttributes = {
					F49ADC3D2626BCC200FFFCBD = {
						CreatedOnToolsVersion = 12.4;
					};
					F49ADC452626BCC200FFFCBD = {
						CreatedOnToolsVersion = 12.4;
					};
					F49ADC4D2626BCC200FFFCBD = {
						CreatedOnToolsVersion = 12.4;
						TestTargetID = F49ADC3D2626BCC200FFFCBD;
					};
					F49ADC582626BCC200FFFCBD = {
						CreatedOnToolsVersion = 12.4;
						TestTargetID = F49ADC452626BCC200FFFCBD;
					};
				};
			};
			buildConfigurationList = F49ADC352626BCBA00FFFCBD /* Build configuration list for PBXProject "Hello" */;
			compatibilityVersion = "Xcode 9.3";
			developmentRegion = en;
			hasScannedForEncodings = 0;
			knownRegions = (
				en,
				Base,
			);
			mainGroup = F49ADC312626BCBA00FFFCBD;
			productRefGroup = F49ADC3F2626BCC200FFFCBD /* Products */;
			projectDirPath = "";
			projectRoot = "";
			targets = (
				F49ADC3D2626BCC200FFFCBD /* Hello (iOS) */,
				F49ADC452626BCC200FFFCBD /* Hello (macOS) */,
				F49ADC4D2626BCC200FFFCBD /* Tests iOS */,
				F49ADC582626BCC200FFFCBD /* Tests macOS */,
			);
		};
/* End PBXProject section */

/* Begin PBXResourcesBuildPhase section */
		F49ADC3C2626BCC200FFFCBD /* Resources */ = {
			isa = PBXResourcesBuildPhase;
			buildActionMask = 2147483647;
			files = (
				F49ADC642626BCC200FFFCBD /* Assets.xcassets in Resources */,
			);
			runOnlyForDeploymentPostprocessing = 0;
		};
		F49ADC442626BCC200FFFCBD /* Resources */ = {
			isa = PBXResourcesBuildPhase;
			buildActionMask = 2147483647;
			files = (
				F49ADC652626BCC200FFFCBD /* Assets.xcassets in Resources */,
			);
			runOnlyForDeploymentPostprocessing = 0;
		};
		F49ADC4C2626BCC200FFFCBD /* Resources */ = {
			isa = PBXResourcesBuildPhase;
			buildActionMask = 2147483647;
			files = (
			);
			runOnlyForDeploymentPostprocessing = 0;
		};
		F49ADC572626BCC200FFFCBD /* Resources */ = {
			isa = PBXResourcesBuildPhase;
			buildActionMask = 2147483647;
			files = (
			);
			runOnlyForDeploymentPostprocessing = 0;
		};
/* End PBXResourcesBuildPhase section */

/* Begin PBXSourcesBuildPhase section */
		F49ADC3A2626BCC200FFFCBD /* Sources */ = {
			isa = PBXSourcesBuildPhase;
			buildActionMask = 2147483647;
			files = (
				F49ADC622626BCC200FFFCBD /* ContentView.swift in Sources */,
				F49ADC602626BCC200FFFCBD /* HelloApp.swift in Sources */,
			);
			runOnlyForDeploymentPostprocessing = 0;
		};
		F49ADC422626BCC200FFFCBD /* Sources */ = {
			isa = PBXSourcesBuildPhase;
			buildActionMask = 2147483647;
			files = (
				F49ADC632626BCC200FFFCBD /* ContentView.swift in Sources */,
				F49ADC612626BCC200FFFCBD /* HelloApp.swift in Sources */,
			);
			runOnlyForDeploymentPostprocessing = 0;
		};
		F49ADC4A2626BCC200FFFCBD /* Sources */ = {
			isa = PBXSourcesBuildPhase;
			buildActionMask = 2147483647;
			files = (
				F49ADC532626BCC200FFFCBD /* Tests_iOS.swift in Sources */,
			);
			runOnlyForDeploymentPostprocessing = 0;
		};
		F49ADC552626BCC200FFFCBD /* Sources */ = {
			isa = PBXSourcesBuildPhase;
			buildActionMask = 2147483647;
			files = (
				F49ADC5E2626BCC200FFFCBD /* Tests_macOS.swift in Sources */,
			);
			runOnlyForDeploymentPostprocessing = 0;
		};
/* End PBXSourcesBuildPhase section */

/* Begin PBXTargetDependency section */
		F49ADC502626BCC200FFFCBD /* PBXTargetDependency */ = {
			isa = PBXTargetDependency;
			target = F49ADC3D2626BCC200FFFCBD /* Hello (iOS) */;
			targetProxy = F49ADC4F2626BCC200FFFCBD /* PBXContainerItemProxy */;
		};
		F49ADC5B2626BCC200FFFCBD /* PBXTargetDependency */ = {
			isa = PBXTargetDependency;
			target = F49ADC452626BCC200FFFCBD /* Hello (macOS) */;
			targetProxy = F49ADC5A2626BCC200FFFCBD /* PBXContainerItemProxy */;
		};
/* End PBXTargetDependency section */

/* Begin XCBuildConfiguration section */
		F49ADC662626BCC200FFFCBD /* Debug */ = {
			isa = XCBuildConfiguration;
			buildSettings = {
				ALWAYS_SEARCH_USER_PATHS = NO;
				CLANG_ANALYZER_NONNULL = YES;
				CLANG_ANALYZER_NUMBER_OBJECT_CONVERSION = YES_AGGRESSIVE;
				CLANG_CXX_LANGUAGE_STANDARD = "gnu++14";
				CLANG_CXX_LIBRARY = "libc++";
				CLANG_ENABLE_MODULES = YES;
				CLANG_ENABLE_OBJC_ARC = YES;
				CLANG_ENABLE_OBJC_WEAK = YES;
				CLANG_WARN_BLOCK_CAPTURE_AUTORELEASING = YES;
				CLANG_WARN_BOOL_CONVERSION = YES;
				CLANG_WARN_COMMA = YES;
				CLANG_WARN_CONSTANT_CONVERSION = YES;
				CLANG_WARN_DEPRECATED_OBJC_IMPLEMENTATIONS = YES;
				CLANG_WARN_DIRECT_OBJC_ISA_USAGE = YES_ERROR;
				CLANG_WARN_DOCUMENTATION_COMMENTS = YES;
				CLANG_WARN_EMPTY_BODY = YES;
				CLANG_WARN_ENUM_CONVERSION = YES;
				CLANG_WARN_INFINITE_RECURSION = YES;
				CLANG_WARN_INT_CONVERSION = YES;
				CLANG_WARN_NON_LITERAL_NULL_CONVERSION = YES;
				CLANG_WARN_OBJC_IMPLICIT_RETAIN_SELF = YES;
				CLANG_WARN_OBJC_LITERAL_CONVERSION = YES;
				CLANG_WARN_OBJC_ROOT_CLASS = YES_ERROR;
				CLANG_WARN_QUOTED_INCLUDE_IN_FRAMEWORK_HEADER = YES;
				CLANG_WARN_RANGE_LOOP_ANALYSIS = YES;
				CLANG_WARN_STRICT_PROTOTYPES = YES;
				CLANG_WARN_SUSPICIOUS_MOVE = YES;
				CLANG_WARN_UNGUARDED_AVAILABILITY = YES_AGGRESSIVE;
				CLANG_WARN_UNREACHABLE_CODE = YES;
				CLANG_WARN__DUPLICATE_METHOD_MATCH = YES;
				COPY_PHASE_STRIP = NO;
				DEBUG_INFORMATION_FORMAT = dwarf;
				ENABLE_STRICT_OBJC_MSGSEND = YES;
				ENABLE_TESTABILITY = YES;
				GCC_C_LANGUAGE_STANDARD = gnu11;
				GCC_DYNAMIC_NO_PIC = NO;
				GCC_NO_COMMON_BLOCKS = YES;
				GCC_OPTIMIZATION_LEVEL = 0;
				GCC_PREPROCESSOR_DEFINITIONS = (
					"DEBUG=1",
					"$(inherited)",
				);
				GCC_WARN_64_TO_32_BIT_CONVERSION = YES;
				GCC_WARN_ABOUT_RETURN_TYPE = YES_ERROR;
				GCC_WARN_UNDECLARED_SELECTOR = YES;
				GCC_WARN_UNINITIALIZED_AUTOS = YES_AGGRESSIVE;
				GCC_WARN_UNUSED_FUNCTION = YES;
				GCC_WARN_UNUSED_VARIABLE = YES;
				MTL_ENABLE_DEBUG_INFO = INCLUDE_SOURCE;
				MTL_FAST_MATH = YES;
				ONLY_ACTIVE_ARCH = YES;
				SWIFT_ACTIVE_COMPILATION_CONDITIONS = DEBUG;
				SWIFT_OPTIMIZATION_LEVEL = "-Onone";
			};
			name = Debug;
		};
		F49ADC672626BCC200FFFCBD /* Release */ = {
			isa = XCBuildConfiguration;
			buildSettings = {
				ALWAYS_SEARCH_USER_PATHS = NO;
				CLANG_ANALYZER_NONNULL = YES;
				CLANG_ANALYZER_NUMBER_OBJECT_CONVERSION = YES_AGGRESSIVE;
				CLANG_CXX_LANGUAGE_STANDARD = "gnu++14";
				CLANG_CXX_LIBRARY = "libc++";
				CLANG_ENABLE_MODULES = YES;
				CLANG_ENABLE_OBJC_ARC = YES;
				CLANG_ENABLE_OBJC_WEAK = YES;
				CLANG_WARN_BLOCK_CAPTURE_AUTORELEASING = YES;
				CLANG_WARN_BOOL_CONVERSION = YES;
				CLANG_WARN_COMMA = YES;
				CLANG_WARN_CONSTANT_CONVERSION = YES;
				CLANG_WARN_DEPRECATED_OBJC_IMPLEMENTATIONS = YES;
				CLANG_WARN_DIRECT_OBJC_ISA_USAGE = YES_ERROR;
				CLANG_WARN_DOCUMENTATION_COMMENTS = YES;
				CLANG_WARN_EMPTY_BODY = YES;
				CLANG_WARN_ENUM_CONVERSION = YES;
				CLANG_WARN_INFINITE_RECURSION = YES;
				CLANG_WARN_INT_CONVERSION = YES;
				CLANG_WARN_NON_LITERAL_NULL_CONVERSION = YES;
				CLANG_WARN_OBJC_IMPLICIT_RETAIN_SELF = YES;
				CLANG_WARN_OBJC_LITERAL_CONVERSION = YES;
				CLANG_WARN_OBJC_ROOT_CLASS = YES_ERROR;
				CLANG_WARN_QUOTED_INCLUDE_IN_FRAMEWORK_HEADER = YES;
				CLANG_WARN_RANGE_LOOP_ANALYSIS = YES;
				CLANG_WARN_STRICT_PROTOTYPES = YES;
				CLANG_WARN_SUSPICIOUS_MOVE = YES;
				CLANG_WARN_UNGUARDED_AVAILABILITY = YES_AGGRESSIVE;
				CLANG_WARN_UNREACHABLE_CODE = YES;
				CLANG_WARN__DUPLICATE_METHOD_MATCH = YES;
				COPY_PHASE_STRIP = NO;
				DEBUG_INFORMATION_FORMAT = "dwarf-with-dsym";
				ENABLE_NS_ASSERTIONS = NO;
				ENABLE_STRICT_OBJC_MSGSEND = YES;
				GCC_C_LANGUAGE_STANDARD = gnu11;
				GCC_NO_COMMON_BLOCKS = YES;
				GCC_WARN_64_TO_32_BIT_CONVERSION = YES;
				GCC_WARN_ABOUT_RETURN_TYPE = YES_ERROR;
				GCC_WARN_UNDECLARED_SELECTOR = YES;
				GCC_WARN_UNINITIALIZED_AUTOS = YES_AGGRESSIVE;
				GCC_WARN_UNUSED_FUNCTION = YES;
				GCC_WARN_UNUSED_VARIABLE = YES;
				MTL_ENABLE_DEBUG_INFO = NO;
				MTL_FAST_MATH = YES;
				SWIFT_COMPILATION_MODE = wholemodule;
				SWIFT_OPTIMIZATION_LEVEL = "-O";
			};
			name = Release;
		};
		F49ADC692626BCC200FFFCBD /* Debug */ = {
			isa = XCBuildConfiguration;
			buildSettings = {
				ASSETCATALOG_COMPILER_APPICON_NAME = AppIcon;
				ASSETCATALOG_COMPILER_GLOBAL_ACCENT_COLOR_NAME = AccentColor;
				CODE_SIGN_STYLE = Automatic;
				DEVELOPMENT_TEAM = C77A557K2V;
				ENABLE_PREVIEWS = YES;
				INFOPLIST_FILE = iOS/Info.plist;
				IPHONEOS_DEPLOYMENT_TARGET = 14.0;
				LD_RUNPATH_SEARCH_PATHS = (
					"$(inherited)",
					"@executable_path/Frameworks",
				);
				PRODUCT_BUNDLE_IDENTIFIER = com.uw.edu.pragyna.Hello;
				PRODUCT_NAME = Hello;
				SDKROOT = iphoneos;
				SWIFT_VERSION = 5.0;
				TARGETED_DEVICE_FAMILY = "1,2";
			};
			name = Debug;
		};
		F49ADC6A2626BCC200FFFCBD /* Release */ = {
			isa = XCBuildConfiguration;
			buildSettings = {
				ASSETCATALOG_COMPILER_APPICON_NAME = AppIcon;
				ASSETCATALOG_COMPILER_GLOBAL_ACCENT_COLOR_NAME = AccentColor;
				CODE_SIGN_STYLE = Automatic;
				DEVELOPMENT_TEAM = C77A557K2V;
				ENABLE_PREVIEWS = YES;
				INFOPLIST_FILE = iOS/Info.plist;
				IPHONEOS_DEPLOYMENT_TARGET = 14.0;
				LD_RUNPATH_SEARCH_PATHS = (
					"$(inherited)",
					"@executable_path/Frameworks",
				);
				PRODUCT_BUNDLE_IDENTIFIER = com.uw.edu.pragyna.Hello;
				PRODUCT_NAME = Hello;
				SDKROOT = iphoneos;
				SWIFT_VERSION = 5.0;
				TARGETED_DEVICE_FAMILY = "1,2";
				VALIDATE_PRODUCT = YES;
			};
			name = Release;
		};
		F49ADC6C2626BCC200FFFCBD /* Debug */ = {
			isa = XCBuildConfiguration;
			buildSettings = {
				ASSETCATALOG_COMPILER_APPICON_NAME = AppIcon;
				ASSETCATALOG_COMPILER_GLOBAL_ACCENT_COLOR_NAME = AccentColor;
				CODE_SIGN_ENTITLEMENTS = macOS/macOS.entitlements;
				CODE_SIGN_STYLE = Automatic;
				COMBINE_HIDPI_IMAGES = YES;
				ENABLE_PREVIEWS = YES;
				INFOPLIST_FILE = macOS/Info.plist;
				LD_RUNPATH_SEARCH_PATHS = (
					"$(inherited)",
					"@executable_path/../Frameworks",
				);
				MACOSX_DEPLOYMENT_TARGET = 11.0;
				PRODUCT_BUNDLE_IDENTIFIER = com.uw.edu.pragyna.Hello;
				PRODUCT_NAME = Hello;
				SDKROOT = macosx;
				SWIFT_VERSION = 5.0;
			};
			name = Debug;
		};
		F49ADC6D2626BCC200FFFCBD /* Release */ = {
			isa = XCBuildConfiguration;
			buildSettings = {
				ASSETCATALOG_COMPILER_APPICON_NAME = AppIcon;
				ASSETCATALOG_COMPILER_GLOBAL_ACCENT_COLOR_NAME = AccentColor;
				CODE_SIGN_ENTITLEMENTS = macOS/macOS.entitlements;
				CODE_SIGN_STYLE = Automatic;
				COMBINE_HIDPI_IMAGES = YES;
				ENABLE_PREVIEWS = YES;
				INFOPLIST_FILE = macOS/Info.plist;
				LD_RUNPATH_SEARCH_PATHS = (
					"$(inherited)",
					"@executable_path/../Frameworks",
				);
				MACOSX_DEPLOYMENT_TARGET = 11.0;
				PRODUCT_BUNDLE_IDENTIFIER = com.uw.edu.pragyna.Hello;
				PRODUCT_NAME = Hello;
				SDKROOT = macosx;
				SWIFT_VERSION = 5.0;
			};
			name = Release;
		};
		F49ADC6F2626BCC200FFFCBD /* Debug */ = {
			isa = XCBuildConfiguration;
			buildSettings = {
				ALWAYS_EMBED_SWIFT_STANDARD_LIBRARIES = YES;
				CODE_SIGN_STYLE = Automatic;
				INFOPLIST_FILE = "Tests iOS/Info.plist";
				IPHONEOS_DEPLOYMENT_TARGET = 14.4;
				LD_RUNPATH_SEARCH_PATHS = (
					"$(inherited)",
					"@executable_path/Frameworks",
					"@loader_path/Frameworks",
				);
				PRODUCT_BUNDLE_IDENTIFIER = "com.uw.edu.pragyna.Tests-iOS";
				PRODUCT_NAME = "$(TARGET_NAME)";
				SDKROOT = iphoneos;
				SWIFT_VERSION = 5.0;
				TARGETED_DEVICE_FAMILY = "1,2";
				TEST_TARGET_NAME = "Hello (iOS)";
			};
			name = Debug;
		};
		F49ADC702626BCC200FFFCBD /* Release */ = {
			isa = XCBuildConfiguration;
			buildSettings = {
				ALWAYS_EMBED_SWIFT_STANDARD_LIBRARIES = YES;
				CODE_SIGN_STYLE = Automatic;
				INFOPLIST_FILE = "Tests iOS/Info.plist";
				IPHONEOS_DEPLOYMENT_TARGET = 14.4;
				LD_RUNPATH_SEARCH_PATHS = (
					"$(inherited)",
					"@executable_path/Frameworks",
					"@loader_path/Frameworks",
				);
				PRODUCT_BUNDLE_IDENTIFIER = "com.uw.edu.pragyna.Tests-iOS";
				PRODUCT_NAME = "$(TARGET_NAME)";
				SDKROOT = iphoneos;
				SWIFT_VERSION = 5.0;
				TARGETED_DEVICE_FAMILY = "1,2";
				TEST_TARGET_NAME = "Hello (iOS)";
				VALIDATE_PRODUCT = YES;
			};
			name = Release;
		};
		F49ADC722626BCC200FFFCBD /* Debug */ = {
			isa = XCBuildConfiguration;
			buildSettings = {
				ALWAYS_EMBED_SWIFT_STANDARD_LIBRARIES = YES;
				CODE_SIGN_STYLE = Automatic;
				COMBINE_HIDPI_IMAGES = YES;
				INFOPLIST_FILE = "Tests macOS/Info.plist";
				LD_RUNPATH_SEARCH_PATHS = (
					"$(inherited)",
					"@executable_path/../Frameworks",
					"@loader_path/../Frameworks",
				);
				MACOSX_DEPLOYMENT_TARGET = 10.15;
				PRODUCT_BUNDLE_IDENTIFIER = "com.uw.edu.pragyna.Tests-macOS";
				PRODUCT_NAME = "$(TARGET_NAME)";
				SDKROOT = macosx;
				SWIFT_VERSION = 5.0;
				TEST_TARGET_NAME = "Hello (macOS)";
			};
			name = Debug;
		};
		F49ADC732626BCC200FFFCBD /* Release */ = {
			isa = XCBuildConfiguration;
			buildSettings = {
				ALWAYS_EMBED_SWIFT_STANDARD_LIBRARIES = YES;
				CODE_SIGN_STYLE = Automatic;
				COMBINE_HIDPI_IMAGES = YES;
				INFOPLIST_FILE = "Tests macOS/Info.plist";
				LD_RUNPATH_SEARCH_PATHS = (
					"$(inherited)",
					"@executable_path/../Frameworks",
					"@loader_path/../Frameworks",
				);
				MACOSX_DEPLOYMENT_TARGET = 10.15;
				PRODUCT_BUNDLE_IDENTIFIER = "com.uw.edu.pragyna.Tests-macOS";
				PRODUCT_NAME = "$(TARGET_NAME)";
				SDKROOT = macosx;
				SWIFT_VERSION = 5.0;
				TEST_TARGET_NAME = "Hello (macOS)";
			};
			name = Release;
		};
/* End XCBuildConfiguration section */

/* Begin XCConfigurationList section */
		F49ADC352626BCBA00FFFCBD /* Build configuration list for PBXProject "Hello" */ = {
			isa = XCConfigurationList;
			buildConfigurations = (
				F49ADC662626BCC200FFFCBD /* Debug */,
				F49ADC672626BCC200FFFCBD /* Release */,
			);
			defaultConfigurationIsVisible = 0;
			defaultConfigurationName = Release;
		};
		F49ADC682626BCC200FFFCBD /* Build configuration list for PBXNativeTarget "Hello (iOS)" */ = {
			isa = XCConfigurationList;
			buildConfigurations = (
				F49ADC692626BCC200FFFCBD /* Debug */,
				F49ADC6A2626BCC200FFFCBD /* Release */,
			);
			defaultConfigurationIsVisible = 0;
			defaultConfigurationName = Release;
		};
		F49ADC6B2626BCC200FFFCBD /* Build configuration list for PBXNativeTarget "Hello (macOS)" */ = {
			isa = XCConfigurationList;
			buildConfigurations = (
				F49ADC6C2626BCC200FFFCBD /* Debug */,
				F49ADC6D2626BCC200FFFCBD /* Release */,
			);
			defaultConfigurationIsVisible = 0;
			defaultConfigurationName = Release;
		};
		F49ADC6E2626BCC200FFFCBD /* Build configuration list for PBXNativeTarget "Tests iOS" */ = {
			isa = XCConfigurationList;
			buildConfigurations = (
				F49ADC6F2626BCC200FFFCBD /* Debug */,
				F49ADC702626BCC200FFFCBD /* Release */,
			);
			defaultConfigurationIsVisible = 0;
			defaultConfigurationName = Release;
		};
		F49ADC712626BCC200FFFCBD /* Build configuration list for PBXNativeTarget "Tests macOS" */ = {
			isa = XCConfigurationList;
			buildConfigurations = (
				F49ADC722626BCC200FFFCBD /* Debug */,
				F49ADC732626BCC200FFFCBD /* Release */,
			);
			defaultConfigurationIsVisible = 0;
			defaultConfigurationName = Release;
		};
/* End XCConfigurationList section */
	};
	rootObject = F49ADC322626BCBA00FFFCBD /* Project object */;
}
